
Microsoft Visual Studio Solution File, Format Version 12.00
# Visual Studio Version 17
VisualStudioVersion = 17.2.32616.157
MinimumVisualStudioVersion = 10.0.40219.1
Project("{FAE04EC0-301F-11D3-BF4B-00C04F79EFBC}") = "API 1", "API 1.csproj", "{84776956-4653-4B88-92D3-8D7BB5E63D83}"
EndProject
Global
	GlobalSection(SolutionConfigurationPlatforms) = preSolution
		Debug|Any CPU = Debug|Any CPU
		Release|Any CPU = Release|Any CPU
	EndGlobalSection
	GlobalSection(ProjectConfigurationPlatforms) = postSolution
		{84776956-4653-4B88-92D3-8D7BB5E63D83}.Debug|Any CPU.ActiveCfg = Debug|Any CPU
		{84776956-4653-4B88-92D3-8D7BB5E63D83}.Debug|Any CPU.Build.0 = Debug|Any CPU
		{84776956-4653-4B88-92D3-8D7BB5E63D83}.Release|Any CPU.ActiveCfg = Release|Any CPU
		{84776956-4653-4B88-92D3-8D7BB5E63D83}.Release|Any CPU.Build.0 = Release|Any CPU
	EndGlobalSection
	GlobalSection(SolutionProperties) = preSolution
		HideSolutionNode = FALSE
	EndGlobalSection
	GlobalSection(ExtensibilityGlobals) = postSolution
		SolutionGuid = {70E59A8F-7CDE-4F64-8E4B-3A2915253509}
	EndGlobalSection
EndGlobal
